{
    "version": 3,
    "terraform_version": "0.11.8",
    "serial": 20,
    "lineage": "2f662bab-b0c4-8334-b34e-d0a6604d4dfd",
    "modules": [
        {
            "path": [
                "root"
            ],
            "outputs": {
                "IP Address": {
                    "sensitive": false,
                    "type": "string",
                    "value": "172.17.0.2"
                },
                "container_name": {
                    "sensitive": false,
                    "type": "string",
                    "value": "blog"
                }
            },
            "resources": {},
            "depends_on": []
        },
        {
            "path": [
                "root",
                "container"
            ],
            "outputs": {
                "IP_Address": {
                    "sensitive": false,
                    "type": "string",
                    "value": "172.17.0.2"
                },
                "container_name": {
                    "sensitive": false,
                    "type": "string",
                    "value": "blog"
                }
            },
            "resources": {
                "docker_container.container_id": {
                    "type": "docker_container",
                    "depends_on": [],
                    "primary": {
                        "id": "f62192fc70c135edd8410d988d20e2a48b7f6e5b9c0a96e7dd1015961b16b734",
                        "attributes": {
                            "bridge": "",
                            "gateway": "172.17.0.1",
                            "id": "f62192fc70c135edd8410d988d20e2a48b7f6e5b9c0a96e7dd1015961b16b734",
                            "image": "sha256:5d42eda6891259afd89cab3a0f005c18735a17628a74d9bf3f85d17756928c73",
                            "ip_address": "172.17.0.2",
                            "ip_prefix_length": "16",
                            "log_driver": "json-file",
                            "must_run": "true",
                            "name": "blog",
                            "ports.#": "1",
                            "ports.580670141.external": "80",
                            "ports.580670141.internal": "2368",
                            "ports.580670141.ip": "",
                            "ports.580670141.protocol": "tcp",
                            "restart": "no"
                        },
                        "meta": {},
                        "tainted": false
                    },
                    "deposed": [],
                    "provider": "provider.docker"
                }
            },
            "depends_on": []
        },
        {
            "path": [
                "root",
                "image"
            ],
            "outputs": {
                "image_out": {
                    "sensitive": false,
                    "type": "string",
                    "value": "sha256:5d42eda6891259afd89cab3a0f005c18735a17628a74d9bf3f85d17756928c73"
                }
            },
            "resources": {
                "docker_image.image_id": {
                    "type": "docker_image",
                    "depends_on": [],
                    "primary": {
                        "id": "sha256:5d42eda6891259afd89cab3a0f005c18735a17628a74d9bf3f85d17756928c73ghost:latest",
                        "attributes": {
                            "id": "sha256:5d42eda6891259afd89cab3a0f005c18735a17628a74d9bf3f85d17756928c73ghost:latest",
                            "latest": "sha256:5d42eda6891259afd89cab3a0f005c18735a17628a74d9bf3f85d17756928c73",
                            "name": "ghost:latest"
                        },
                        "meta": {},
                        "tainted": false
                    },
                    "deposed": [],
                    "provider": "provider.docker"
                }
            },
            "depends_on": []
        }
    ]
}
